
Microsoft Visual Studio Solution File, Format Version 12.00
# Visual Studio Version 16
VisualStudioVersion = 16.0.31729.503
MinimumVisualStudioVersion = 10.0.40219.1
Project("{FAE04EC0-301F-11D3-BF4B-00C04F79EFBC}") = "Api", "..\Api\Api.csproj", "{910377F5-AF59-4271-9677-97C514400678}"
EndProject
Project("{FAE04EC0-301F-11D3-BF4B-00C04F79EFBC}") = "Utilitary", "..\Utiitary\Utilitary.csproj", "{320023A2-F267-45B6-A67B-C185094DF4F8}"
EndProject
Project("{FAE04EC0-301F-11D3-BF4B-00C04F79EFBC}") = "Data", "..\Data\Data.csproj", "{84F7AE72-0A10-471E-85CB-B3D9A9A4B161}"
EndProject
Project("{FAE04EC0-301F-11D3-BF4B-00C04F79EFBC}") = "Logic", "..\Logic\Logic.csproj", "{1E0E1DB9-3665-4731-BA4A-43300C19F678}"
EndProject
Global
	GlobalSection(SolutionConfigurationPlatforms) = preSolution
		Debug|Any CPU = Debug|Any CPU
		Release|Any CPU = Release|Any CPU
	EndGlobalSection
	GlobalSection(ProjectConfigurationPlatforms) = postSolution
		{910377F5-AF59-4271-9677-97C514400678}.Debug|Any CPU.ActiveCfg = Debug|Any CPU
		{910377F5-AF59-4271-9677-97C514400678}.Debug|Any CPU.Build.0 = Debug|Any CPU
		{910377F5-AF59-4271-9677-97C514400678}.Release|Any CPU.ActiveCfg = Release|Any CPU
		{910377F5-AF59-4271-9677-97C514400678}.Release|Any CPU.Build.0 = Release|Any CPU
		{320023A2-F267-45B6-A67B-C185094DF4F8}.Debug|Any CPU.ActiveCfg = Debug|Any CPU
		{320023A2-F267-45B6-A67B-C185094DF4F8}.Debug|Any CPU.Build.0 = Debug|Any CPU
		{320023A2-F267-45B6-A67B-C185094DF4F8}.Release|Any CPU.ActiveCfg = Release|Any CPU
		{320023A2-F267-45B6-A67B-C185094DF4F8}.Release|Any CPU.Build.0 = Release|Any CPU
		{84F7AE72-0A10-471E-85CB-B3D9A9A4B161}.Debug|Any CPU.ActiveCfg = Debug|Any CPU
		{84F7AE72-0A10-471E-85CB-B3D9A9A4B161}.Debug|Any CPU.Build.0 = Debug|Any CPU
		{84F7AE72-0A10-471E-85CB-B3D9A9A4B161}.Release|Any CPU.ActiveCfg = Release|Any CPU
		{84F7AE72-0A10-471E-85CB-B3D9A9A4B161}.Release|Any CPU.Build.0 = Release|Any CPU
		{1E0E1DB9-3665-4731-BA4A-43300C19F678}.Debug|Any CPU.ActiveCfg = Debug|Any CPU
		{1E0E1DB9-3665-4731-BA4A-43300C19F678}.Debug|Any CPU.Build.0 = Debug|Any CPU
		{1E0E1DB9-3665-4731-BA4A-43300C19F678}.Release|Any CPU.ActiveCfg = Release|Any CPU
		{1E0E1DB9-3665-4731-BA4A-43300C19F678}.Release|Any CPU.Build.0 = Release|Any CPU
	EndGlobalSection
	GlobalSection(SolutionProperties) = preSolution
		HideSolutionNode = FALSE
	EndGlobalSection
	GlobalSection(ExtensibilityGlobals) = postSolution
		SolutionGuid = {B2B769F6-6559-4947-AC18-DAFAED2D982C}
	EndGlobalSection
EndGlobal
